
Microsoft Visual Studio Solution File, Format Version 12.00
# Visual Studio 15
VisualStudioVersion = 15.0.28010.2041
MinimumVisualStudioVersion = 10.0.40219.1
Project("{FAE04EC0-301F-11D3-BF4B-00C04F79EFBC}") = "SearchCompare", "SearchCompare\SearchCompare.csproj", "{D584713F-1B9E-4F85-AB04-1F711F0A858B}"
EndProject
Global
	GlobalSection(SolutionConfigurationPlatforms) = preSolution
		Debug|Any CPU = Debug|Any CPU
		Release|Any CPU = Release|Any CPU
	EndGlobalSection
	GlobalSection(ProjectConfigurationPlatforms) = postSolution
		{D584713F-1B9E-4F85-AB04-1F711F0A858B}.Debug|Any CPU.ActiveCfg = Debug|Any CPU
		{D584713F-1B9E-4F85-AB04-1F711F0A858B}.Debug|Any CPU.Build.0 = Debug|Any CPU
		{D584713F-1B9E-4F85-AB04-1F711F0A858B}.Release|Any CPU.ActiveCfg = Release|Any CPU
		{D584713F-1B9E-4F85-AB04-1F711F0A858B}.Release|Any CPU.Build.0 = Release|Any CPU
	EndGlobalSection
	GlobalSection(SolutionProperties) = preSolution
		HideSolutionNode = FALSE
	EndGlobalSection
	GlobalSection(ExtensibilityGlobals) = postSolution
		SolutionGuid = {0158B79F-CC49-46DC-80E0-0BCBFB2B5605}
	EndGlobalSection
EndGlobal
